// !$*UTF8*$!
{
	archiveVersion = 1;
	classes = {
	};
	objectVersion = 56;
	objects = {

/* Begin PBXBuildFile section */
		2CB70FD72B172D2A00BBCEF1 /* ExpenseTrackerApp.swift in Sources */ = {isa = PBXBuildFile; fileRef = 2CB70FD62B172D2A00BBCEF1 /* ExpenseTrackerApp.swift */; };
		2CB70FD92B172D2A00BBCEF1 /* MainView.swift in Sources */ = {isa = PBXBuildFile; fileRef = 2CB70FD82B172D2A00BBCEF1 /* MainView.swift */; };
		2CB70FDB2B172D2E00BBCEF1 /* Assets.xcassets in Resources */ = {isa = PBXBuildFile; fileRef = 2CB70FDA2B172D2E00BBCEF1 /* Assets.xcassets */; };
		2CB70FDE2B172D2E00BBCEF1 /* Preview Assets.xcassets in Resources */ = {isa = PBXBuildFile; fileRef = 2CB70FDD2B172D2E00BBCEF1 /* Preview Assets.xcassets */; };
		2CB70FE82B172DAF00BBCEF1 /* ExpenseView.swift in Sources */ = {isa = PBXBuildFile; fileRef = 2CB70FE72B172DAF00BBCEF1 /* ExpenseView.swift */; };
		2CB70FEA2B172DBE00BBCEF1 /* AddExpenseView.swift in Sources */ = {isa = PBXBuildFile; fileRef = 2CB70FE92B172DBE00BBCEF1 /* AddExpenseView.swift */; };
		2CB70FEC2B172DCE00BBCEF1 /* EditExpenseView.swift in Sources */ = {isa = PBXBuildFile; fileRef = 2CB70FEB2B172DCE00BBCEF1 /* EditExpenseView.swift */; };
		2CB70FEE2B172DD900BBCEF1 /* SettingsView.swift in Sources */ = {isa = PBXBuildFile; fileRef = 2CB70FED2B172DD900BBCEF1 /* SettingsView.swift */; };
		2CB70FF12B1737DA00BBCEF1 /* ExpenseTracker.xcdatamodeld in Sources */ = {isa = PBXBuildFile; fileRef = 2CB70FEF2B1737DA00BBCEF1 /* ExpenseTracker.xcdatamodeld */; };
		2CB70FF32B17389100BBCEF1 /* DataController.swift in Sources */ = {isa = PBXBuildFile; fileRef = 2CB70FF22B17389100BBCEF1 /* DataController.swift */; };
		2CB70FF52B188EE500BBCEF1 /* ExpenseDetail.swift in Sources */ = {isa = PBXBuildFile; fileRef = 2CB70FF42B188EE500BBCEF1 /* ExpenseDetail.swift */; };
/* End PBXBuildFile section */

/* Begin PBXFileReference section */
		2CB70FD32B172D2A00BBCEF1 /* ExpenseTracker.app */ = {isa = PBXFileReference; explicitFileType = wrapper.application; includeInIndex = 0; path = ExpenseTracker.app; sourceTree = BUILT_PRODUCTS_DIR; };
		2CB70FD62B172D2A00BBCEF1 /* ExpenseTrackerApp.swift */ = {isa = PBXFileReference; lastKnownFileType = sourcecode.swift; path = ExpenseTrackerApp.swift; sourceTree = "<group>"; };
		2CB70FD82B172D2A00BBCEF1 /* MainView.swift */ = {isa = PBXFileReference; lastKnownFileType = sourcecode.swift; path = MainView.swift; sourceTree = "<group>"; };
		2CB70FDA2B172D2E00BBCEF1 /* Assets.xcassets */ = {isa = PBXFileReference; lastKnownFileType = folder.assetcatalog; path = Assets.xcassets; sourceTree = "<group>"; };
		2CB70FDD2B172D2E00BBCEF1 /* Preview Assets.xcassets */ = {isa = PBXFileReference; lastKnownFileType = folder.assetcatalog; path = "Preview Assets.xcassets"; sourceTree = "<group>"; };
		2CB70FE72B172DAF00BBCEF1 /* ExpenseView.swift */ = {isa = PBXFileReference; lastKnownFileType = sourcecode.swift; path = ExpenseView.swift; sourceTree = "<group>"; };
		2CB70FE92B172DBE00BBCEF1 /* AddExpenseView.swift */ = {isa = PBXFileReference; lastKnownFileType = sourcecode.swift; path = AddExpenseView.swift; sourceTree = "<group>"; };
		2CB70FEB2B172DCE00BBCEF1 /* EditExpenseView.swift */ = {isa = PBXFileReference; lastKnownFileType = sourcecode.swift; path = EditExpenseView.swift; sourceTree = "<group>"; };
		2CB70FED2B172DD900BBCEF1 /* SettingsView.swift */ = {isa = PBXFileReference; lastKnownFileType = sourcecode.swift; path = SettingsView.swift; sourceTree = "<group>"; };
		2CB70FF02B1737DA00BBCEF1 /* ExpenseTracker.xcdatamodel */ = {isa = PBXFileReference; lastKnownFileType = wrapper.xcdatamodel; path = ExpenseTracker.xcdatamodel; sourceTree = "<group>"; };
		2CB70FF22B17389100BBCEF1 /* DataController.swift */ = {isa = PBXFileReference; lastKnownFileType = sourcecode.swift; path = DataController.swift; sourceTree = "<group>"; };
		2CB70FF42B188EE500BBCEF1 /* ExpenseDetail.swift */ = {isa = PBXFileReference; lastKnownFileType = sourcecode.swift; path = ExpenseDetail.swift; sourceTree = "<group>"; };
/* End PBXFileReference section */

/* Begin PBXFrameworksBuildPhase section */
		2CB70FD02B172D2A00BBCEF1 /* Frameworks */ = {
			isa = PBXFrameworksBuildPhase;
			buildActionMask = 2147483647;
			files = (
			);
			runOnlyForDeploymentPostprocessing = 0;
		};
/* End PBXFrameworksBuildPhase section */

/* Begin PBXGroup section */
		2CB70FCA2B172D2A00BBCEF1 = {
			isa = PBXGroup;
			children = (
				2CB70FD52B172D2A00BBCEF1 /* ExpenseTracker */,
				2CB70FD42B172D2A00BBCEF1 /* Products */,
			);
			sourceTree = "<group>";
		};
		2CB70FD42B172D2A00BBCEF1 /* Products */ = {
			isa = PBXGroup;
			children = (
				2CB70FD32B172D2A00BBCEF1 /* ExpenseTracker.app */,
			);
			name = Products;
			sourceTree = "<group>";
		};
		2CB70FD52B172D2A00BBCEF1 /* ExpenseTracker */ = {
			isa = PBXGroup;
			children = (
				2CB70FD62B172D2A00BBCEF1 /* ExpenseTrackerApp.swift */,
				2CB70FE42B172D4E00BBCEF1 /* Views */,
				2CB70FE62B172D6200BBCEF1 /* DataModel */,
				2CB70FE52B172D5D00BBCEF1 /* Components */,
				2CB70FDA2B172D2E00BBCEF1 /* Assets.xcassets */,
				2CB70FDC2B172D2E00BBCEF1 /* Preview Content */,
			);
			path = ExpenseTracker;
			sourceTree = "<group>";
		};
		2CB70FDC2B172D2E00BBCEF1 /* Preview Content */ = {
			isa = PBXGroup;
			children = (
				2CB70FDD2B172D2E00BBCEF1 /* Preview Assets.xcassets */,
			);
			path = "Preview Content";
			sourceTree = "<group>";
		};
		2CB70FE42B172D4E00BBCEF1 /* Views */ = {
			isa = PBXGroup;
			children = (
				2CB70FD82B172D2A00BBCEF1 /* MainView.swift */,
				2CB70FE72B172DAF00BBCEF1 /* ExpenseView.swift */,
				2CB70FE92B172DBE00BBCEF1 /* AddExpenseView.swift */,
				2CB70FEB2B172DCE00BBCEF1 /* EditExpenseView.swift */,
				2CB70FED2B172DD900BBCEF1 /* SettingsView.swift */,
			);
			path = Views;
			sourceTree = "<group>";
		};
		2CB70FE52B172D5D00BBCEF1 /* Components */ = {
			isa = PBXGroup;
			children = (
				2CB70FF42B188EE500BBCEF1 /* ExpenseDetail.swift */,
			);
			path = Components;
			sourceTree = "<group>";
		};
		2CB70FE62B172D6200BBCEF1 /* DataModel */ = {
			isa = PBXGroup;
			children = (
				2CB70FF22B17389100BBCEF1 /* DataController.swift */,
				2CB70FEF2B1737DA00BBCEF1 /* ExpenseTracker.xcdatamodeld */,
			);
			path = DataModel;
			sourceTree = "<group>";
		};
/* End PBXGroup section */

/* Begin PBXNativeTarget section */
		2CB70FD22B172D2A00BBCEF1 /* ExpenseTracker */ = {
			isa = PBXNativeTarget;
			buildConfigurationList = 2CB70FE12B172D2E00BBCEF1 /* Build configuration list for PBXNativeTarget "ExpenseTracker" */;
			buildPhases = (
				2CB70FCF2B172D2A00BBCEF1 /* Sources */,
				2CB70FD02B172D2A00BBCEF1 /* Frameworks */,
				2CB70FD12B172D2A00BBCEF1 /* Resources */,
			);
			buildRules = (
			);
			dependencies = (
			);
			name = ExpenseTracker;
			productName = ExpenseTracker;
			productReference = 2CB70FD32B172D2A00BBCEF1 /* ExpenseTracker.app */;
			productType = "com.apple.product-type.application";
		};
/* End PBXNativeTarget section */

/* Begin PBXProject section */
		2CB70FCB2B172D2A00BBCEF1 /* Project object */ = {
			isa = PBXProject;
			attributes = {
				BuildIndependentTargetsInParallel = 1;
				LastSwiftUpdateCheck = 1500;
				LastUpgradeCheck = 1500;
				TargetAttributes = {
					2CB70FD22B172D2A00BBCEF1 = {
						CreatedOnToolsVersion = 15.0.1;
					};
				};
			};
			buildConfigurationList = 2CB70FCE2B172D2A00BBCEF1 /* Build configuration list for PBXProject "ExpenseTracker" */;
			compatibilityVersion = "Xcode 14.0";
			developmentRegion = en;
			hasScannedForEncodings = 0;
			knownRegions = (
				en,
				Base,
			);
			mainGroup = 2CB70FCA2B172D2A00BBCEF1;
			productRefGroup = 2CB70FD42B172D2A00BBCEF1 /* Products */;
			projectDirPath = "";
			projectRoot = "";
			targets = (
				2CB70FD22B172D2A00BBCEF1 /* ExpenseTracker */,
			);
		};
/* End PBXProject section */

/* Begin PBXResourcesBuildPhase section */
		2CB70FD12B172D2A00BBCEF1 /* Resources */ = {
			isa = PBXResourcesBuildPhase;
			buildActionMask = 2147483647;
			files = (
				2CB70FDE2B172D2E00BBCEF1 /* Preview Assets.xcassets in Resources */,
				2CB70FDB2B172D2E00BBCEF1 /* Assets.xcassets in Resources */,
			);
			runOnlyForDeploymentPostprocessing = 0;
		};
/* End PBXResourcesBuildPhase section */

/* Begin PBXSourcesBuildPhase section */
		2CB70FCF2B172D2A00BBCEF1 /* Sources */ = {
			isa = PBXSourcesBuildPhase;
			buildActionMask = 2147483647;
			files = (
				2CB70FD92B172D2A00BBCEF1 /* MainView.swift in Sources */,
				2CB70FEC2B172DCE00BBCEF1 /* EditExpenseView.swift in Sources */,
				2CB70FD72B172D2A00BBCEF1 /* ExpenseTrackerApp.swift in Sources */,
				2CB70FF12B1737DA00BBCEF1 /* ExpenseTracker.xcdatamodeld in Sources */,
				2CB70FEE2B172DD900BBCEF1 /* SettingsView.swift in Sources */,
				2CB70FF32B17389100BBCEF1 /* DataController.swift in Sources */,
				2CB70FF52B188EE500BBCEF1 /* ExpenseDetail.swift in Sources */,
				2CB70FE82B172DAF00BBCEF1 /* ExpenseView.swift in Sources */,
				2CB70FEA2B172DBE00BBCEF1 /* AddExpenseView.swift in Sources */,
			);
			runOnlyForDeploymentPostprocessing = 0;
		};
/* End PBXSourcesBuildPhase section */

/* Begin XCBuildConfiguration section */
		2CB70FDF2B172D2E00BBCEF1 /* Debug */ = {
			isa = XCBuildConfiguration;
			buildSettings = {
				ALWAYS_SEARCH_USER_PATHS = NO;
				ASSETCATALOG_COMPILER_GENERATE_SWIFT_ASSET_SYMBOL_EXTENSIONS = YES;
				CLANG_ANALYZER_NONNULL = YES;
				CLANG_ANALYZER_NUMBER_OBJECT_CONVERSION = YES_AGGRESSIVE;
				CLANG_CXX_LANGUAGE_STANDARD = "gnu++20";
				CLANG_ENABLE_MODULES = YES;
				CLANG_ENABLE_OBJC_ARC = YES;
				CLANG_ENABLE_OBJC_WEAK = YES;
				CLANG_WARN_BLOCK_CAPTURE_AUTORELEASING = YES;
				CLANG_WARN_BOOL_CONVERSION = YES;
				CLANG_WARN_COMMA = YES;
				CLANG_WARN_CONSTANT_CONVERSION = YES;
				CLANG_WARN_DEPRECATED_OBJC_IMPLEMENTATIONS = YES;
				CLANG_WARN_DIRECT_OBJC_ISA_USAGE = YES_ERROR;
				CLANG_WARN_DOCUMENTATION_COMMENTS = YES;
				CLANG_WARN_EMPTY_BODY = YES;
				CLANG_WARN_ENUM_CONVERSION = YES;
				CLANG_WARN_INFINITE_RECURSION = YES;
				CLANG_WARN_INT_CONVERSION = YES;
				CLANG_WARN_NON_LITERAL_NULL_CONVERSION = YES;
				CLANG_WARN_OBJC_IMPLICIT_RETAIN_SELF = YES;
				CLANG_WARN_OBJC_LITERAL_CONVERSION = YES;
				CLANG_WARN_OBJC_ROOT_CLASS = YES_ERROR;
				CLANG_WARN_QUOTED_INCLUDE_IN_FRAMEWORK_HEADER = YES;
				CLANG_WARN_RANGE_LOOP_ANALYSIS = YES;
				CLANG_WARN_STRICT_PROTOTYPES = YES;
				CLANG_WARN_SUSPICIOUS_MOVE = YES;
				CLANG_WARN_UNGUARDED_AVAILABILITY = YES_AGGRESSIVE;
				CLANG_WARN_UNREACHABLE_CODE = YES;
				CLANG_WARN__DUPLICATE_METHOD_MATCH = YES;
				COPY_PHASE_STRIP = NO;
				DEBUG_INFORMATION_FORMAT = dwarf;
				ENABLE_STRICT_OBJC_MSGSEND = YES;
				ENABLE_TESTABILITY = YES;
				ENABLE_USER_SCRIPT_SANDBOXING = YES;
				GCC_C_LANGUAGE_STANDARD = gnu17;
				GCC_DYNAMIC_NO_PIC = NO;
				GCC_NO_COMMON_BLOCKS = YES;
				GCC_OPTIMIZATION_LEVEL = 0;
				GCC_PREPROCESSOR_DEFINITIONS = (
					"DEBUG=1",
					"$(inherited)",
				);
				GCC_WARN_64_TO_32_BIT_CONVERSION = YES;
				GCC_WARN_ABOUT_RETURN_TYPE = YES_ERROR;
				GCC_WARN_UNDECLARED_SELECTOR = YES;
				GCC_WARN_UNINITIALIZED_AUTOS = YES_AGGRESSIVE;
				GCC_WARN_UNUSED_FUNCTION = YES;
				GCC_WARN_UNUSED_VARIABLE = YES;
				IPHONEOS_DEPLOYMENT_TARGET = 17.0;
				LOCALIZATION_PREFERS_STRING_CATALOGS = YES;
				MTL_ENABLE_DEBUG_INFO = INCLUDE_SOURCE;
				MTL_FAST_MATH = YES;
				ONLY_ACTIVE_ARCH = YES;
				SDKROOT = iphoneos;
				SWIFT_ACTIVE_COMPILATION_CONDITIONS = "DEBUG $(inherited)";
				SWIFT_OPTIMIZATION_LEVEL = "-Onone";
			};
			name = Debug;
		};
		2CB70FE02B172D2E00BBCEF1 /* Release */ = {
			isa = XCBuildConfiguration;
			buildSettings = {
				ALWAYS_SEARCH_USER_PATHS = NO;
				ASSETCATALOG_COMPILER_GENERATE_SWIFT_ASSET_SYMBOL_EXTENSIONS = YES;
				CLANG_ANALYZER_NONNULL = YES;
				CLANG_ANALYZER_NUMBER_OBJECT_CONVERSION = YES_AGGRESSIVE;
				CLANG_CXX_LANGUAGE_STANDARD = "gnu++20";
				CLANG_ENABLE_MODULES = YES;
				CLANG_ENABLE_OBJC_ARC = YES;
				CLANG_ENABLE_OBJC_WEAK = YES;
				CLANG_WARN_BLOCK_CAPTURE_AUTORELEASING = YES;
				CLANG_WARN_BOOL_CONVERSION = YES;
				CLANG_WARN_COMMA = YES;
				CLANG_WARN_CONSTANT_CONVERSION = YES;
				CLANG_WARN_DEPRECATED_OBJC_IMPLEMENTATIONS = YES;
				CLANG_WARN_DIRECT_OBJC_ISA_USAGE = YES_ERROR;
				CLANG_WARN_DOCUMENTATION_COMMENTS = YES;
				CLANG_WARN_EMPTY_BODY = YES;
				CLANG_WARN_ENUM_CONVERSION = YES;
				CLANG_WARN_INFINITE_RECURSION = YES;
				CLANG_WARN_INT_CONVERSION = YES;
				CLANG_WARN_NON_LITERAL_NULL_CONVERSION = YES;
				CLANG_WARN_OBJC_IMPLICIT_RETAIN_SELF = YES;
				CLANG_WARN_OBJC_LITERAL_CONVERSION = YES;
				CLANG_WARN_OBJC_ROOT_CLASS = YES_ERROR;
				CLANG_WARN_QUOTED_INCLUDE_IN_FRAMEWORK_HEADER = YES;
				CLANG_WARN_RANGE_LOOP_ANALYSIS = YES;
				CLANG_WARN_STRICT_PROTOTYPES = YES;
				CLANG_WARN_SUSPICIOUS_MOVE = YES;
				CLANG_WARN_UNGUARDED_AVAILABILITY = YES_AGGRESSIVE;
				CLANG_WARN_UNREACHABLE_CODE = YES;
				CLANG_WARN__DUPLICATE_METHOD_MATCH = YES;
				COPY_PHASE_STRIP = NO;
				DEBUG_INFORMATION_FORMAT = "dwarf-with-dsym";
				ENABLE_NS_ASSERTIONS = NO;
				ENABLE_STRICT_OBJC_MSGSEND = YES;
				ENABLE_USER_SCRIPT_SANDBOXING = YES;
				GCC_C_LANGUAGE_STANDARD = gnu17;
				GCC_NO_COMMON_BLOCKS = YES;
				GCC_WARN_64_TO_32_BIT_CONVERSION = YES;
				GCC_WARN_ABOUT_RETURN_TYPE = YES_ERROR;
				GCC_WARN_UNDECLARED_SELECTOR = YES;
				GCC_WARN_UNINITIALIZED_AUTOS = YES_AGGRESSIVE;
				GCC_WARN_UNUSED_FUNCTION = YES;
				GCC_WARN_UNUSED_VARIABLE = YES;
				IPHONEOS_DEPLOYMENT_TARGET = 17.0;
				LOCALIZATION_PREFERS_STRING_CATALOGS = YES;
				MTL_ENABLE_DEBUG_INFO = NO;
				MTL_FAST_MATH = YES;
				SDKROOT = iphoneos;
				SWIFT_COMPILATION_MODE = wholemodule;
				VALIDATE_PRODUCT = YES;
			};
			name = Release;
		};
		2CB70FE22B172D2E00BBCEF1 /* Debug */ = {
			isa = XCBuildConfiguration;
			buildSettings = {
				ASSETCATALOG_COMPILER_APPICON_NAME = AppIcon;
				ASSETCATALOG_COMPILER_GLOBAL_ACCENT_COLOR_NAME = AccentColor;
				CODE_SIGN_STYLE = Automatic;
				CURRENT_PROJECT_VERSION = 1;
				DEVELOPMENT_ASSET_PATHS = "\"ExpenseTracker/Preview Content\"";
				DEVELOPMENT_TEAM = NA9TFTM937;
				ENABLE_PREVIEWS = YES;
				GENERATE_INFOPLIST_FILE = YES;
				INFOPLIST_KEY_UIApplicationSceneManifest_Generation = YES;
				INFOPLIST_KEY_UIApplicationSupportsIndirectInputEvents = YES;
				INFOPLIST_KEY_UILaunchScreen_Generation = YES;
				INFOPLIST_KEY_UISupportedInterfaceOrientations_iPad = "UIInterfaceOrientationPortrait UIInterfaceOrientationPortraitUpsideDown UIInterfaceOrientationLandscapeLeft UIInterfaceOrientationLandscapeRight";
				INFOPLIST_KEY_UISupportedInterfaceOrientations_iPhone = "UIInterfaceOrientationPortrait UIInterfaceOrientationLandscapeLeft UIInterfaceOrientationLandscapeRight";
				LD_RUNPATH_SEARCH_PATHS = (
					"$(inherited)",
					"@executable_path/Frameworks",
				);
				MARKETING_VERSION = 1.0;
				PRODUCT_BUNDLE_IDENTIFIER = com.ivantrj.ExpenseTracker;
				PRODUCT_NAME = "$(TARGET_NAME)";
				SWIFT_EMIT_LOC_STRINGS = YES;
				SWIFT_VERSION = 5.0;
				TARGETED_DEVICE_FAMILY = "1,2";
			};
			name = Debug;
		};
		2CB70FE32B172D2E00BBCEF1 /* Release */ = {
			isa = XCBuildConfiguration;
			buildSettings = {
				ASSETCATALOG_COMPILER_APPICON_NAME = AppIcon;
				ASSETCATALOG_COMPILER_GLOBAL_ACCENT_COLOR_NAME = AccentColor;
				CODE_SIGN_STYLE = Automatic;
				CURRENT_PROJECT_VERSION = 1;
				DEVELOPMENT_ASSET_PATHS = "\"ExpenseTracker/Preview Content\"";
				DEVELOPMENT_TEAM = NA9TFTM937;
				ENABLE_PREVIEWS = YES;
				GENERATE_INFOPLIST_FILE = YES;
				INFOPLIST_KEY_UIApplicationSceneManifest_Generation = YES;
				INFOPLIST_KEY_UIApplicationSupportsIndirectInputEvents = YES;
				INFOPLIST_KEY_UILaunchScreen_Generation = YES;
				INFOPLIST_KEY_UISupportedInterfaceOrientations_iPad = "UIInterfaceOrientationPortrait UIInterfaceOrientationPortraitUpsideDown UIInterfaceOrientationLandscapeLeft UIInterfaceOrientationLandscapeRight";
				INFOPLIST_KEY_UISupportedInterfaceOrientations_iPhone = "UIInterfaceOrientationPortrait UIInterfaceOrientationLandscapeLeft UIInterfaceOrientationLandscapeRight";
				LD_RUNPATH_SEARCH_PATHS = (
					"$(inherited)",
					"@executable_path/Frameworks",
				);
				MARKETING_VERSION = 1.0;
				PRODUCT_BUNDLE_IDENTIFIER = com.ivantrj.ExpenseTracker;
				PRODUCT_NAME = "$(TARGET_NAME)";
				SWIFT_EMIT_LOC_STRINGS = YES;
				SWIFT_VERSION = 5.0;
				TARGETED_DEVICE_FAMILY = "1,2";
			};
			name = Release;
		};
/* End XCBuildConfiguration section */

/* Begin XCConfigurationList section */
		2CB70FCE2B172D2A00BBCEF1 /* Build configuration list for PBXProject "ExpenseTracker" */ = {
			isa = XCConfigurationList;
			buildConfigurations = (
				2CB70FDF2B172D2E00BBCEF1 /* Debug */,
				2CB70FE02B172D2E00BBCEF1 /* Release */,
			);
			defaultConfigurationIsVisible = 0;
			defaultConfigurationName = Release;
		};
		2CB70FE12B172D2E00BBCEF1 /* Build configuration list for PBXNativeTarget "ExpenseTracker" */ = {
			isa = XCConfigurationList;
			buildConfigurations = (
				2CB70FE22B172D2E00BBCEF1 /* Debug */,
				2CB70FE32B172D2E00BBCEF1 /* Release */,
			);
			defaultConfigurationIsVisible = 0;
			defaultConfigurationName = Release;
		};
/* End XCConfigurationList section */

/* Begin XCVersionGroup section */
		2CB70FEF2B1737DA00BBCEF1 /* ExpenseTracker.xcdatamodeld */ = {
			isa = XCVersionGroup;
			children = (
				2CB70FF02B1737DA00BBCEF1 /* ExpenseTracker.xcdatamodel */,
			);
			currentVersion = 2CB70FF02B1737DA00BBCEF1 /* ExpenseTracker.xcdatamodel */;
			path = ExpenseTracker.xcdatamodeld;
			sourceTree = "<group>";
			versionGroupType = wrapper.xcdatamodel;
		};
/* End XCVersionGroup section */
	};
	rootObject = 2CB70FCB2B172D2A00BBCEF1 /* Project object */;
}
